
Microsoft Visual Studio Solution File, Format Version 12.00
# Visual Studio Version 16
VisualStudioVersion = 16.0.31005.135
MinimumVisualStudioVersion = 10.0.40219.1
Project("{2150E333-8FDC-42A3-9474-1A3956D46DE8}") = "Client", "Client", "{2F38C63E-49CC-42DD-906C-EB7B9C3CBEC8}"
EndProject
Project("{9A19103F-16F7-4668-BE54-9A1E7A4F7556}") = "App", "Client\App.csproj", "{A7D94538-603C-45FC-8BB8-BABA6D01734E}"
EndProject
Project("{2150E333-8FDC-42A3-9474-1A3956D46DE8}") = "Core", "Core", "{F020B727-175B-48BA-9808-117077559BA7}"
EndProject
Project("{2150E333-8FDC-42A3-9474-1A3956D46DE8}") = "Infrastructure", "Infrastructure", "{9A3F8AD4-1CD7-4389-852D-25ECBF9B97AE}"
EndProject
Project("{2150E333-8FDC-42A3-9474-1A3956D46DE8}") = "IoC", "IoC", "{9067884F-4947-4283-92B6-931B5295FC9B}"
EndProject
Project("{2150E333-8FDC-42A3-9474-1A3956D46DE8}") = "Persistence", "Persistence", "{89220966-3BA3-4689-B309-875629952FC9}"
EndProject
Project("{2150E333-8FDC-42A3-9474-1A3956D46DE8}") = "Application", "Application", "{E1A58593-EC77-472D-A0D0-1E26B9D92F41}"
EndProject
Project("{2150E333-8FDC-42A3-9474-1A3956D46DE8}") = "Domain", "Domain", "{FCCFA168-E33A-42A1-80B8-90B32DCF267E}"
EndProject
Project("{FAE04EC0-301F-11D3-BF4B-00C04F79EFBC}") = "App.Infrastructure.IoC", "App.Infrastructure.IoC\App.Infrastructure.IoC.csproj", "{9F4AF77C-7C0B-4859-9A88-030949044EDE}"
EndProject
Project("{FAE04EC0-301F-11D3-BF4B-00C04F79EFBC}") = "App.Core.Application", "App.Core.Application\App.Core.Application.csproj", "{52405BDF-3CA4-481C-983E-55A05FB5B9F5}"
EndProject
Project("{FAE04EC0-301F-11D3-BF4B-00C04F79EFBC}") = "App.Core.Domain", "App.Core.Domain\App.Core.Domain.csproj", "{A9175554-3537-4872-87CF-10222BC61D49}"
EndProject
Project("{FAE04EC0-301F-11D3-BF4B-00C04F79EFBC}") = "App.Infrastructure.Persistence", "App.Infrastructure.Persistence\App.Infrastructure.Persistence.csproj", "{927456FA-7ED8-492E-8522-2C18F8BB9C28}"
EndProject
Global
	GlobalSection(SolutionConfigurationPlatforms) = preSolution
		Debug|Any CPU = Debug|Any CPU
		Release|Any CPU = Release|Any CPU
	EndGlobalSection
	GlobalSection(ProjectConfigurationPlatforms) = postSolution
		{A7D94538-603C-45FC-8BB8-BABA6D01734E}.Debug|Any CPU.ActiveCfg = Debug|Any CPU
		{A7D94538-603C-45FC-8BB8-BABA6D01734E}.Debug|Any CPU.Build.0 = Debug|Any CPU
		{A7D94538-603C-45FC-8BB8-BABA6D01734E}.Release|Any CPU.ActiveCfg = Release|Any CPU
		{A7D94538-603C-45FC-8BB8-BABA6D01734E}.Release|Any CPU.Build.0 = Release|Any CPU
		{9F4AF77C-7C0B-4859-9A88-030949044EDE}.Debug|Any CPU.ActiveCfg = Debug|Any CPU
		{9F4AF77C-7C0B-4859-9A88-030949044EDE}.Debug|Any CPU.Build.0 = Debug|Any CPU
		{9F4AF77C-7C0B-4859-9A88-030949044EDE}.Release|Any CPU.ActiveCfg = Release|Any CPU
		{9F4AF77C-7C0B-4859-9A88-030949044EDE}.Release|Any CPU.Build.0 = Release|Any CPU
		{52405BDF-3CA4-481C-983E-55A05FB5B9F5}.Debug|Any CPU.ActiveCfg = Debug|Any CPU
		{52405BDF-3CA4-481C-983E-55A05FB5B9F5}.Debug|Any CPU.Build.0 = Debug|Any CPU
		{52405BDF-3CA4-481C-983E-55A05FB5B9F5}.Release|Any CPU.ActiveCfg = Release|Any CPU
		{52405BDF-3CA4-481C-983E-55A05FB5B9F5}.Release|Any CPU.Build.0 = Release|Any CPU
		{A9175554-3537-4872-87CF-10222BC61D49}.Debug|Any CPU.ActiveCfg = Debug|Any CPU
		{A9175554-3537-4872-87CF-10222BC61D49}.Debug|Any CPU.Build.0 = Debug|Any CPU
		{A9175554-3537-4872-87CF-10222BC61D49}.Release|Any CPU.ActiveCfg = Release|Any CPU
		{A9175554-3537-4872-87CF-10222BC61D49}.Release|Any CPU.Build.0 = Release|Any CPU
		{927456FA-7ED8-492E-8522-2C18F8BB9C28}.Debug|Any CPU.ActiveCfg = Debug|Any CPU
		{927456FA-7ED8-492E-8522-2C18F8BB9C28}.Debug|Any CPU.Build.0 = Debug|Any CPU
		{927456FA-7ED8-492E-8522-2C18F8BB9C28}.Release|Any CPU.ActiveCfg = Release|Any CPU
		{927456FA-7ED8-492E-8522-2C18F8BB9C28}.Release|Any CPU.Build.0 = Release|Any CPU
	EndGlobalSection
	GlobalSection(SolutionProperties) = preSolution
		HideSolutionNode = FALSE
	EndGlobalSection
	GlobalSection(NestedProjects) = preSolution
		{A7D94538-603C-45FC-8BB8-BABA6D01734E} = {2F38C63E-49CC-42DD-906C-EB7B9C3CBEC8}
		{9067884F-4947-4283-92B6-931B5295FC9B} = {9A3F8AD4-1CD7-4389-852D-25ECBF9B97AE}
		{89220966-3BA3-4689-B309-875629952FC9} = {9A3F8AD4-1CD7-4389-852D-25ECBF9B97AE}
		{E1A58593-EC77-472D-A0D0-1E26B9D92F41} = {F020B727-175B-48BA-9808-117077559BA7}
		{FCCFA168-E33A-42A1-80B8-90B32DCF267E} = {F020B727-175B-48BA-9808-117077559BA7}
		{9F4AF77C-7C0B-4859-9A88-030949044EDE} = {9067884F-4947-4283-92B6-931B5295FC9B}
		{52405BDF-3CA4-481C-983E-55A05FB5B9F5} = {E1A58593-EC77-472D-A0D0-1E26B9D92F41}
		{A9175554-3537-4872-87CF-10222BC61D49} = {FCCFA168-E33A-42A1-80B8-90B32DCF267E}
		{927456FA-7ED8-492E-8522-2C18F8BB9C28} = {89220966-3BA3-4689-B309-875629952FC9}
	EndGlobalSection
	GlobalSection(ExtensibilityGlobals) = postSolution
		SolutionGuid = {4FFDFD0D-2610-45FE-886F-A7B695BF935E}
	EndGlobalSection
EndGlobal
